
Microsoft Visual Studio Solution File, Format Version 12.00
# Visual Studio Version 17
VisualStudioVersion = 17.2.32630.192
MinimumVisualStudioVersion = 10.0.40219.1
Project("{FAE04EC0-301F-11D3-BF4B-00C04F79EFBC}") = "HanoiTowers", "HanoiTowers\HanoiTowers.csproj", "{37D07DFA-A18C-42D4-B139-196066D0B5AB}"
EndProject
Global
	GlobalSection(SolutionConfigurationPlatforms) = preSolution
		Debug|Any CPU = Debug|Any CPU
		Release|Any CPU = Release|Any CPU
	EndGlobalSection
	GlobalSection(ProjectConfigurationPlatforms) = postSolution
		{37D07DFA-A18C-42D4-B139-196066D0B5AB}.Debug|Any CPU.ActiveCfg = Debug|Any CPU
		{37D07DFA-A18C-42D4-B139-196066D0B5AB}.Debug|Any CPU.Build.0 = Debug|Any CPU
		{37D07DFA-A18C-42D4-B139-196066D0B5AB}.Release|Any CPU.ActiveCfg = Release|Any CPU
		{37D07DFA-A18C-42D4-B139-196066D0B5AB}.Release|Any CPU.Build.0 = Release|Any CPU
	EndGlobalSection
	GlobalSection(SolutionProperties) = preSolution
		HideSolutionNode = FALSE
	EndGlobalSection
	GlobalSection(ExtensibilityGlobals) = postSolution
		SolutionGuid = {C349E9E5-188A-4D70-9D8A-9516A5B59B0D}
	EndGlobalSection
EndGlobal
